// !$*UTF8*$!
{
	archiveVersion = 1;
	classes = {
	};
	objectVersion = 55;
	objects = {

/* Begin PBXBuildFile section */
		CA2487AD27341A4E0026BF01 /* AppDelegate.swift in Sources */ = {isa = PBXBuildFile; fileRef = CA2487AC27341A4E0026BF01 /* AppDelegate.swift */; };
		CA2487AF27341A4E0026BF01 /* SceneDelegate.swift in Sources */ = {isa = PBXBuildFile; fileRef = CA2487AE27341A4E0026BF01 /* SceneDelegate.swift */; };
		CA2487B127341A4E0026BF01 /* ViewController.swift in Sources */ = {isa = PBXBuildFile; fileRef = CA2487B027341A4E0026BF01 /* ViewController.swift */; };
		CA2487B427341A4E0026BF01 /* Main.storyboard in Resources */ = {isa = PBXBuildFile; fileRef = CA2487B227341A4E0026BF01 /* Main.storyboard */; };
		CA2487B627341A500026BF01 /* Assets.xcassets in Resources */ = {isa = PBXBuildFile; fileRef = CA2487B527341A500026BF01 /* Assets.xcassets */; };
		CA2487B927341A500026BF01 /* LaunchScreen.storyboard in Resources */ = {isa = PBXBuildFile; fileRef = CA2487B727341A500026BF01 /* LaunchScreen.storyboard */; };
		CA2487C427341A500026BF01 /* UshioTests.swift in Sources */ = {isa = PBXBuildFile; fileRef = CA2487C327341A500026BF01 /* UshioTests.swift */; };
		CA2487CE27341A500026BF01 /* UshioUITests.swift in Sources */ = {isa = PBXBuildFile; fileRef = CA2487CD27341A500026BF01 /* UshioUITests.swift */; };
		CA2487D027341A500026BF01 /* UshioUITestsLaunchTests.swift in Sources */ = {isa = PBXBuildFile; fileRef = CA2487CF27341A500026BF01 /* UshioUITestsLaunchTests.swift */; };
/* End PBXBuildFile section */

/* Begin PBXContainerItemProxy section */
		CA2487C027341A500026BF01 /* PBXContainerItemProxy */ = {
			isa = PBXContainerItemProxy;
			containerPortal = CA2487A127341A4E0026BF01 /* Project object */;
			proxyType = 1;
			remoteGlobalIDString = CA2487A827341A4E0026BF01;
			remoteInfo = Ushio;
		};
		CA2487CA27341A500026BF01 /* PBXContainerItemProxy */ = {
			isa = PBXContainerItemProxy;
			containerPortal = CA2487A127341A4E0026BF01 /* Project object */;
			proxyType = 1;
			remoteGlobalIDString = CA2487A827341A4E0026BF01;
			remoteInfo = Ushio;
		};
/* End PBXContainerItemProxy section */

/* Begin PBXFileReference section */
		CA2487A927341A4E0026BF01 /* Ushio.app */ = {isa = PBXFileReference; explicitFileType = wrapper.application; includeInIndex = 0; path = Ushio.app; sourceTree = BUILT_PRODUCTS_DIR; };
		CA2487AC27341A4E0026BF01 /* AppDelegate.swift */ = {isa = PBXFileReference; lastKnownFileType = sourcecode.swift; path = AppDelegate.swift; sourceTree = "<group>"; };
		CA2487AE27341A4E0026BF01 /* SceneDelegate.swift */ = {isa = PBXFileReference; lastKnownFileType = sourcecode.swift; path = SceneDelegate.swift; sourceTree = "<group>"; };
		CA2487B027341A4E0026BF01 /* ViewController.swift */ = {isa = PBXFileReference; lastKnownFileType = sourcecode.swift; path = ViewController.swift; sourceTree = "<group>"; };
		CA2487B327341A4E0026BF01 /* Base */ = {isa = PBXFileReference; lastKnownFileType = file.storyboard; name = Base; path = Base.lproj/Main.storyboard; sourceTree = "<group>"; };
		CA2487B527341A500026BF01 /* Assets.xcassets */ = {isa = PBXFileReference; lastKnownFileType = folder.assetcatalog; path = Assets.xcassets; sourceTree = "<group>"; };
		CA2487B827341A500026BF01 /* Base */ = {isa = PBXFileReference; lastKnownFileType = file.storyboard; name = Base; path = Base.lproj/LaunchScreen.storyboard; sourceTree = "<group>"; };
		CA2487BA27341A500026BF01 /* Info.plist */ = {isa = PBXFileReference; lastKnownFileType = text.plist.xml; path = Info.plist; sourceTree = "<group>"; };
		CA2487BF27341A500026BF01 /* UshioTests.xctest */ = {isa = PBXFileReference; explicitFileType = wrapper.cfbundle; includeInIndex = 0; path = UshioTests.xctest; sourceTree = BUILT_PRODUCTS_DIR; };
		CA2487C327341A500026BF01 /* UshioTests.swift */ = {isa = PBXFileReference; lastKnownFileType = sourcecode.swift; path = UshioTests.swift; sourceTree = "<group>"; };
		CA2487C927341A500026BF01 /* UshioUITests.xctest */ = {isa = PBXFileReference; explicitFileType = wrapper.cfbundle; includeInIndex = 0; path = UshioUITests.xctest; sourceTree = BUILT_PRODUCTS_DIR; };
		CA2487CD27341A500026BF01 /* UshioUITests.swift */ = {isa = PBXFileReference; lastKnownFileType = sourcecode.swift; path = UshioUITests.swift; sourceTree = "<group>"; };
		CA2487CF27341A500026BF01 /* UshioUITestsLaunchTests.swift */ = {isa = PBXFileReference; lastKnownFileType = sourcecode.swift; path = UshioUITestsLaunchTests.swift; sourceTree = "<group>"; };
		CA2487DC27341B6A0026BF01 /* Ushio.entitlements */ = {isa = PBXFileReference; lastKnownFileType = text.plist.entitlements; path = Ushio.entitlements; sourceTree = "<group>"; };
/* End PBXFileReference section */

/* Begin PBXFrameworksBuildPhase section */
		CA2487A627341A4E0026BF01 /* Frameworks */ = {
			isa = PBXFrameworksBuildPhase;
			buildActionMask = 2147483647;
			files = (
			);
			runOnlyForDeploymentPostprocessing = 0;
		};
		CA2487BC27341A500026BF01 /* Frameworks */ = {
			isa = PBXFrameworksBuildPhase;
			buildActionMask = 2147483647;
			files = (
			);
			runOnlyForDeploymentPostprocessing = 0;
		};
		CA2487C627341A500026BF01 /* Frameworks */ = {
			isa = PBXFrameworksBuildPhase;
			buildActionMask = 2147483647;
			files = (
			);
			runOnlyForDeploymentPostprocessing = 0;
		};
/* End PBXFrameworksBuildPhase section */

/* Begin PBXGroup section */
		CA2487A027341A4E0026BF01 = {
			isa = PBXGroup;
			children = (
				CA2487AB27341A4E0026BF01 /* Ushio */,
				CA2487C227341A500026BF01 /* UshioTests */,
				CA2487CC27341A500026BF01 /* UshioUITests */,
				CA2487AA27341A4E0026BF01 /* Products */,
			);
			sourceTree = "<group>";
		};
		CA2487AA27341A4E0026BF01 /* Products */ = {
			isa = PBXGroup;
			children = (
				CA2487A927341A4E0026BF01 /* Ushio.app */,
				CA2487BF27341A500026BF01 /* UshioTests.xctest */,
				CA2487C927341A500026BF01 /* UshioUITests.xctest */,
			);
			name = Products;
			sourceTree = "<group>";
		};
		CA2487AB27341A4E0026BF01 /* Ushio */ = {
			isa = PBXGroup;
			children = (
				CA2487AC27341A4E0026BF01 /* AppDelegate.swift */,
				CA2487AE27341A4E0026BF01 /* SceneDelegate.swift */,
				CA2487B027341A4E0026BF01 /* ViewController.swift */,
				CA2487B227341A4E0026BF01 /* Main.storyboard */,
				CA2487B527341A500026BF01 /* Assets.xcassets */,
				CA2487B727341A500026BF01 /* LaunchScreen.storyboard */,
				CA2487BA27341A500026BF01 /* Info.plist */,
				CA2487DC27341B6A0026BF01 /* Ushio.entitlements */,
			);
			path = Ushio;
			sourceTree = "<group>";
		};
		CA2487C227341A500026BF01 /* UshioTests */ = {
			isa = PBXGroup;
			children = (
				CA2487C327341A500026BF01 /* UshioTests.swift */,
			);
			path = UshioTests;
			sourceTree = "<group>";
		};
		CA2487CC27341A500026BF01 /* UshioUITests */ = {
			isa = PBXGroup;
			children = (
				CA2487CD27341A500026BF01 /* UshioUITests.swift */,
				CA2487CF27341A500026BF01 /* UshioUITestsLaunchTests.swift */,
			);
			path = UshioUITests;
			sourceTree = "<group>";
		};
/* End PBXGroup section */

/* Begin PBXNativeTarget section */
		CA2487A827341A4E0026BF01 /* Ushio */ = {
			isa = PBXNativeTarget;
			buildConfigurationList = CA2487D327341A500026BF01 /* Build configuration list for PBXNativeTarget "Ushio" */;
			buildPhases = (
				CA2487A527341A4E0026BF01 /* Sources */,
				CA2487A627341A4E0026BF01 /* Frameworks */,
				CA2487A727341A4E0026BF01 /* Resources */,
			);
			buildRules = (
			);
			dependencies = (
			);
			name = Ushio;
			productName = Ushio;
			productReference = CA2487A927341A4E0026BF01 /* Ushio.app */;
			productType = "com.apple.product-type.application";
		};
		CA2487BE27341A500026BF01 /* UshioTests */ = {
			isa = PBXNativeTarget;
			buildConfigurationList = CA2487D627341A500026BF01 /* Build configuration list for PBXNativeTarget "UshioTests" */;
			buildPhases = (
				CA2487BB27341A500026BF01 /* Sources */,
				CA2487BC27341A500026BF01 /* Frameworks */,
				CA2487BD27341A500026BF01 /* Resources */,
			);
			buildRules = (
			);
			dependencies = (
				CA2487C127341A500026BF01 /* PBXTargetDependency */,
			);
			name = UshioTests;
			productName = UshioTests;
			productReference = CA2487BF27341A500026BF01 /* UshioTests.xctest */;
			productType = "com.apple.product-type.bundle.unit-test";
		};
		CA2487C827341A500026BF01 /* UshioUITests */ = {
			isa = PBXNativeTarget;
			buildConfigurationList = CA2487D927341A500026BF01 /* Build configuration list for PBXNativeTarget "UshioUITests" */;
			buildPhases = (
				CA2487C527341A500026BF01 /* Sources */,
				CA2487C627341A500026BF01 /* Frameworks */,
				CA2487C727341A500026BF01 /* Resources */,
			);
			buildRules = (
			);
			dependencies = (
				CA2487CB27341A500026BF01 /* PBXTargetDependency */,
			);
			name = UshioUITests;
			productName = UshioUITests;
			productReference = CA2487C927341A500026BF01 /* UshioUITests.xctest */;
			productType = "com.apple.product-type.bundle.ui-testing";
		};
/* End PBXNativeTarget section */

/* Begin PBXProject section */
		CA2487A127341A4E0026BF01 /* Project object */ = {
			isa = PBXProject;
			attributes = {
				BuildIndependentTargetsInParallel = 1;
				LastSwiftUpdateCheck = 1310;
				LastUpgradeCheck = 1310;
				TargetAttributes = {
					CA2487A827341A4E0026BF01 = {
						CreatedOnToolsVersion = 13.1;
					};
					CA2487BE27341A500026BF01 = {
						CreatedOnToolsVersion = 13.1;
						TestTargetID = CA2487A827341A4E0026BF01;
					};
					CA2487C827341A500026BF01 = {
						CreatedOnToolsVersion = 13.1;
						TestTargetID = CA2487A827341A4E0026BF01;
					};
				};
			};
			buildConfigurationList = CA2487A427341A4E0026BF01 /* Build configuration list for PBXProject "Ushio" */;
			compatibilityVersion = "Xcode 13.0";
			developmentRegion = en;
			hasScannedForEncodings = 0;
			knownRegions = (
				en,
				Base,
			);
			mainGroup = CA2487A027341A4E0026BF01;
			productRefGroup = CA2487AA27341A4E0026BF01 /* Products */;
			projectDirPath = "";
			projectRoot = "";
			targets = (
				CA2487A827341A4E0026BF01 /* Ushio */,
				CA2487BE27341A500026BF01 /* UshioTests */,
				CA2487C827341A500026BF01 /* UshioUITests */,
			);
		};
/* End PBXProject section */

/* Begin PBXResourcesBuildPhase section */
		CA2487A727341A4E0026BF01 /* Resources */ = {
			isa = PBXResourcesBuildPhase;
			buildActionMask = 2147483647;
			files = (
				CA2487B927341A500026BF01 /* LaunchScreen.storyboard in Resources */,
				CA2487B627341A500026BF01 /* Assets.xcassets in Resources */,
				CA2487B427341A4E0026BF01 /* Main.storyboard in Resources */,
			);
			runOnlyForDeploymentPostprocessing = 0;
		};
		CA2487BD27341A500026BF01 /* Resources */ = {
			isa = PBXResourcesBuildPhase;
			buildActionMask = 2147483647;
			files = (
			);
			runOnlyForDeploymentPostprocessing = 0;
		};
		CA2487C727341A500026BF01 /* Resources */ = {
			isa = PBXResourcesBuildPhase;
			buildActionMask = 2147483647;
			files = (
			);
			runOnlyForDeploymentPostprocessing = 0;
		};
/* End PBXResourcesBuildPhase section */

/* Begin PBXSourcesBuildPhase section */
		CA2487A527341A4E0026BF01 /* Sources */ = {
			isa = PBXSourcesBuildPhase;
			buildActionMask = 2147483647;
			files = (
				CA2487B127341A4E0026BF01 /* ViewController.swift in Sources */,
				CA2487AD27341A4E0026BF01 /* AppDelegate.swift in Sources */,
				CA2487AF27341A4E0026BF01 /* SceneDelegate.swift in Sources */,
			);
			runOnlyForDeploymentPostprocessing = 0;
		};
		CA2487BB27341A500026BF01 /* Sources */ = {
			isa = PBXSourcesBuildPhase;
			buildActionMask = 2147483647;
			files = (
				CA2487C427341A500026BF01 /* UshioTests.swift in Sources */,
			);
			runOnlyForDeploymentPostprocessing = 0;
		};
		CA2487C527341A500026BF01 /* Sources */ = {
			isa = PBXSourcesBuildPhase;
			buildActionMask = 2147483647;
			files = (
				CA2487CE27341A500026BF01 /* UshioUITests.swift in Sources */,
				CA2487D027341A500026BF01 /* UshioUITestsLaunchTests.swift in Sources */,
			);
			runOnlyForDeploymentPostprocessing = 0;
		};
/* End PBXSourcesBuildPhase section */

/* Begin PBXTargetDependency section */
		CA2487C127341A500026BF01 /* PBXTargetDependency */ = {
			isa = PBXTargetDependency;
			target = CA2487A827341A4E0026BF01 /* Ushio */;
			targetProxy = CA2487C027341A500026BF01 /* PBXContainerItemProxy */;
		};
		CA2487CB27341A500026BF01 /* PBXTargetDependency */ = {
			isa = PBXTargetDependency;
			target = CA2487A827341A4E0026BF01 /* Ushio */;
			targetProxy = CA2487CA27341A500026BF01 /* PBXContainerItemProxy */;
		};
/* End PBXTargetDependency section */

/* Begin PBXVariantGroup section */
		CA2487B227341A4E0026BF01 /* Main.storyboard */ = {
			isa = PBXVariantGroup;
			children = (
				CA2487B327341A4E0026BF01 /* Base */,
			);
			name = Main.storyboard;
			sourceTree = "<group>";
		};
		CA2487B727341A500026BF01 /* LaunchScreen.storyboard */ = {
			isa = PBXVariantGroup;
			children = (
				CA2487B827341A500026BF01 /* Base */,
			);
			name = LaunchScreen.storyboard;
			sourceTree = "<group>";
		};
/* End PBXVariantGroup section */

/* Begin XCBuildConfiguration section */
		CA2487D127341A500026BF01 /* Debug */ = {
			isa = XCBuildConfiguration;
			buildSettings = {
				ALWAYS_SEARCH_USER_PATHS = NO;
				CLANG_ANALYZER_NONNULL = YES;
				CLANG_ANALYZER_NUMBER_OBJECT_CONVERSION = YES_AGGRESSIVE;
				CLANG_CXX_LANGUAGE_STANDARD = "gnu++17";
				CLANG_CXX_LIBRARY = "libc++";
				CLANG_ENABLE_MODULES = YES;
				CLANG_ENABLE_OBJC_ARC = YES;
				CLANG_ENABLE_OBJC_WEAK = YES;
				CLANG_WARN_BLOCK_CAPTURE_AUTORELEASING = YES;
				CLANG_WARN_BOOL_CONVERSION = YES;
				CLANG_WARN_COMMA = YES;
				CLANG_WARN_CONSTANT_CONVERSION = YES;
				CLANG_WARN_DEPRECATED_OBJC_IMPLEMENTATIONS = YES;
				CLANG_WARN_DIRECT_OBJC_ISA_USAGE = YES_ERROR;
				CLANG_WARN_DOCUMENTATION_COMMENTS = YES;
				CLANG_WARN_EMPTY_BODY = YES;
				CLANG_WARN_ENUM_CONVERSION = YES;
				CLANG_WARN_INFINITE_RECURSION = YES;
				CLANG_WARN_INT_CONVERSION = YES;
				CLANG_WARN_NON_LITERAL_NULL_CONVERSION = YES;
				CLANG_WARN_OBJC_IMPLICIT_RETAIN_SELF = YES;
				CLANG_WARN_OBJC_LITERAL_CONVERSION = YES;
				CLANG_WARN_OBJC_ROOT_CLASS = YES_ERROR;
				CLANG_WARN_QUOTED_INCLUDE_IN_FRAMEWORK_HEADER = YES;
				CLANG_WARN_RANGE_LOOP_ANALYSIS = YES;
				CLANG_WARN_STRICT_PROTOTYPES = YES;
				CLANG_WARN_SUSPICIOUS_MOVE = YES;
				CLANG_WARN_UNGUARDED_AVAILABILITY = YES_AGGRESSIVE;
				CLANG_WARN_UNREACHABLE_CODE = YES;
				CLANG_WARN__DUPLICATE_METHOD_MATCH = YES;
				COPY_PHASE_STRIP = NO;
				DEBUG_INFORMATION_FORMAT = dwarf;
				ENABLE_STRICT_OBJC_MSGSEND = YES;
				ENABLE_TESTABILITY = YES;
				GCC_C_LANGUAGE_STANDARD = gnu11;
				GCC_DYNAMIC_NO_PIC = NO;
				GCC_NO_COMMON_BLOCKS = YES;
				GCC_OPTIMIZATION_LEVEL = 0;
				GCC_PREPROCESSOR_DEFINITIONS = (
					"DEBUG=1",
					"$(inherited)",
				);
				GCC_WARN_64_TO_32_BIT_CONVERSION = YES;
				GCC_WARN_ABOUT_RETURN_TYPE = YES_ERROR;
				GCC_WARN_UNDECLARED_SELECTOR = YES;
				GCC_WARN_UNINITIALIZED_AUTOS = YES_AGGRESSIVE;
				GCC_WARN_UNUSED_FUNCTION = YES;
				GCC_WARN_UNUSED_VARIABLE = YES;
				IPHONEOS_DEPLOYMENT_TARGET = 15.0;
				MTL_ENABLE_DEBUG_INFO = INCLUDE_SOURCE;
				MTL_FAST_MATH = YES;
				ONLY_ACTIVE_ARCH = YES;
				SDKROOT = iphoneos;
				SWIFT_ACTIVE_COMPILATION_CONDITIONS = DEBUG;
				SWIFT_OPTIMIZATION_LEVEL = "-Onone";
			};
			name = Debug;
		};
		CA2487D227341A500026BF01 /* Release */ = {
			isa = XCBuildConfiguration;
			buildSettings = {
				ALWAYS_SEARCH_USER_PATHS = NO;
				CLANG_ANALYZER_NONNULL = YES;
				CLANG_ANALYZER_NUMBER_OBJECT_CONVERSION = YES_AGGRESSIVE;
				CLANG_CXX_LANGUAGE_STANDARD = "gnu++17";
				CLANG_CXX_LIBRARY = "libc++";
				CLANG_ENABLE_MODULES = YES;
				CLANG_ENABLE_OBJC_ARC = YES;
				CLANG_ENABLE_OBJC_WEAK = YES;
				CLANG_WARN_BLOCK_CAPTURE_AUTORELEASING = YES;
				CLANG_WARN_BOOL_CONVERSION = YES;
				CLANG_WARN_COMMA = YES;
				CLANG_WARN_CONSTANT_CONVERSION = YES;
				CLANG_WARN_DEPRECATED_OBJC_IMPLEMENTATIONS = YES;
				CLANG_WARN_DIRECT_OBJC_ISA_USAGE = YES_ERROR;
				CLANG_WARN_DOCUMENTATION_COMMENTS = YES;
				CLANG_WARN_EMPTY_BODY = YES;
				CLANG_WARN_ENUM_CONVERSION = YES;
				CLANG_WARN_INFINITE_RECURSION = YES;
				CLANG_WARN_INT_CONVERSION = YES;
				CLANG_WARN_NON_LITERAL_NULL_CONVERSION = YES;
				CLANG_WARN_OBJC_IMPLICIT_RETAIN_SELF = YES;
				CLANG_WARN_OBJC_LITERAL_CONVERSION = YES;
				CLANG_WARN_OBJC_ROOT_CLASS = YES_ERROR;
				CLANG_WARN_QUOTED_INCLUDE_IN_FRAMEWORK_HEADER = YES;
				CLANG_WARN_RANGE_LOOP_ANALYSIS = YES;
				CLANG_WARN_STRICT_PROTOTYPES = YES;
				CLANG_WARN_SUSPICIOUS_MOVE = YES;
				CLANG_WARN_UNGUARDED_AVAILABILITY = YES_AGGRESSIVE;
				CLANG_WARN_UNREACHABLE_CODE = YES;
				CLANG_WARN__DUPLICATE_METHOD_MATCH = YES;
				COPY_PHASE_STRIP = NO;
				DEBUG_INFORMATION_FORMAT = "dwarf-with-dsym";
				ENABLE_NS_ASSERTIONS = NO;
				ENABLE_STRICT_OBJC_MSGSEND = YES;
				GCC_C_LANGUAGE_STANDARD = gnu11;
				GCC_NO_COMMON_BLOCKS = YES;
				GCC_WARN_64_TO_32_BIT_CONVERSION = YES;
				GCC_WARN_ABOUT_RETURN_TYPE = YES_ERROR;
				GCC_WARN_UNDECLARED_SELECTOR = YES;
				GCC_WARN_UNINITIALIZED_AUTOS = YES_AGGRESSIVE;
				GCC_WARN_UNUSED_FUNCTION = YES;
				GCC_WARN_UNUSED_VARIABLE = YES;
				IPHONEOS_DEPLOYMENT_TARGET = 15.0;
				MTL_ENABLE_DEBUG_INFO = NO;
				MTL_FAST_MATH = YES;
				SDKROOT = iphoneos;
				SWIFT_COMPILATION_MODE = wholemodule;
				SWIFT_OPTIMIZATION_LEVEL = "-O";
				VALIDATE_PRODUCT = YES;
			};
			name = Release;
		};
		CA2487D427341A500026BF01 /* Debug */ = {
			isa = XCBuildConfiguration;
			buildSettings = {
				ASSETCATALOG_COMPILER_APPICON_NAME = AppIcon;
				ASSETCATALOG_COMPILER_GLOBAL_ACCENT_COLOR_NAME = AccentColor;
				CODE_SIGN_ENTITLEMENTS = Ushio/Ushio.entitlements;
				CODE_SIGN_IDENTITY = "iPhone Developer";
				CODE_SIGN_STYLE = Manual;
				CURRENT_PROJECT_VERSION = 1;
				DEVELOPMENT_TEAM = YK6G2Z3K97;
				GENERATE_INFOPLIST_FILE = YES;
				INFOPLIST_FILE = Ushio/Info.plist;
				INFOPLIST_KEY_UIApplicationSupportsIndirectInputEvents = YES;
				INFOPLIST_KEY_UILaunchStoryboardName = LaunchScreen;
				INFOPLIST_KEY_UIMainStoryboardFile = Main;
				INFOPLIST_KEY_UISupportedInterfaceOrientations_iPad = "UIInterfaceOrientationPortrait UIInterfaceOrientationPortraitUpsideDown UIInterfaceOrientationLandscapeLeft UIInterfaceOrientationLandscapeRight";
				INFOPLIST_KEY_UISupportedInterfaceOrientations_iPhone = "UIInterfaceOrientationPortrait UIInterfaceOrientationLandscapeLeft UIInterfaceOrientationLandscapeRight";
				LD_RUNPATH_SEARCH_PATHS = (
					"$(inherited)",
					"@executable_path/Frameworks",
				);
				MARKETING_VERSION = 1.0;
				PRODUCT_BUNDLE_IDENTIFIER = cn.com.grass.shizuku.Ushio;
				PRODUCT_NAME = "$(TARGET_NAME)";
				PROVISIONING_PROFILE_SPECIFIER = "Ushio iOS Development Profile";
				SWIFT_EMIT_LOC_STRINGS = YES;
				SWIFT_VERSION = 5.0;
				TARGETED_DEVICE_FAMILY = "1,2";
			};
			name = Debug;
		};
		CA2487D527341A500026BF01 /* Release */ = {
			isa = XCBuildConfiguration;
			buildSettings = {
				ASSETCATALOG_COMPILER_APPICON_NAME = AppIcon;
				ASSETCATALOG_COMPILER_GLOBAL_ACCENT_COLOR_NAME = AccentColor;
				CODE_SIGN_ENTITLEMENTS = Ushio/Ushio.entitlements;
				CODE_SIGN_IDENTITY = "iPhone Developer";
				CODE_SIGN_STYLE = Manual;
				CURRENT_PROJECT_VERSION = 1;
				DEVELOPMENT_TEAM = YK6G2Z3K97;
				GENERATE_INFOPLIST_FILE = YES;
				INFOPLIST_FILE = Ushio/Info.plist;
				INFOPLIST_KEY_UIApplicationSupportsIndirectInputEvents = YES;
				INFOPLIST_KEY_UILaunchStoryboardName = LaunchScreen;
				INFOPLIST_KEY_UIMainStoryboardFile = Main;
				INFOPLIST_KEY_UISupportedInterfaceOrientations_iPad = "UIInterfaceOrientationPortrait UIInterfaceOrientationPortraitUpsideDown UIInterfaceOrientationLandscapeLeft UIInterfaceOrientationLandscapeRight";
				INFOPLIST_KEY_UISupportedInterfaceOrientations_iPhone = "UIInterfaceOrientationPortrait UIInterfaceOrientationLandscapeLeft UIInterfaceOrientationLandscapeRight";
				LD_RUNPATH_SEARCH_PATHS = (
					"$(inherited)",
					"@executable_path/Frameworks",
				);
				MARKETING_VERSION = 1.0;
				PRODUCT_BUNDLE_IDENTIFIER = cn.com.grass.shizuku.Ushio;
				PRODUCT_NAME = "$(TARGET_NAME)";
				PROVISIONING_PROFILE_SPECIFIER = "Ushio iOS Development Profile";
				SWIFT_EMIT_LOC_STRINGS = YES;
				SWIFT_VERSION = 5.0;
				TARGETED_DEVICE_FAMILY = "1,2";
			};
			name = Release;
		};
		CA2487D727341A500026BF01 /* Debug */ = {
			isa = XCBuildConfiguration;
			buildSettings = {
				ALWAYS_EMBED_SWIFT_STANDARD_LIBRARIES = YES;
				BUNDLE_LOADER = "$(TEST_HOST)";
				CODE_SIGN_STYLE = Automatic;
				CURRENT_PROJECT_VERSION = 1;
				DEVELOPMENT_TEAM = YK6G2Z3K97;
				GENERATE_INFOPLIST_FILE = YES;
				IPHONEOS_DEPLOYMENT_TARGET = 15.0;
				LD_RUNPATH_SEARCH_PATHS = (
					"$(inherited)",
					"@executable_path/Frameworks",
					"@loader_path/Frameworks",
				);
				MARKETING_VERSION = 1.0;
				PRODUCT_BUNDLE_IDENTIFIER = cn.com.grass.shizuku.UshioTests;
				PRODUCT_NAME = "$(TARGET_NAME)";
				SWIFT_EMIT_LOC_STRINGS = NO;
				SWIFT_VERSION = 5.0;
				TARGETED_DEVICE_FAMILY = "1,2";
				TEST_HOST = "$(BUILT_PRODUCTS_DIR)/Ushio.app/Ushio";
			};
			name = Debug;
		};
		CA2487D827341A500026BF01 /* Release */ = {
			isa = XCBuildConfiguration;
			buildSettings = {
				ALWAYS_EMBED_SWIFT_STANDARD_LIBRARIES = YES;
				BUNDLE_LOADER = "$(TEST_HOST)";
				CODE_SIGN_STYLE = Automatic;
				CURRENT_PROJECT_VERSION = 1;
				DEVELOPMENT_TEAM = YK6G2Z3K97;
				GENERATE_INFOPLIST_FILE = YES;
				IPHONEOS_DEPLOYMENT_TARGET = 15.0;
				LD_RUNPATH_SEARCH_PATHS = (
					"$(inherited)",
					"@executable_path/Frameworks",
					"@loader_path/Frameworks",
				);
				MARKETING_VERSION = 1.0;
				PRODUCT_BUNDLE_IDENTIFIER = cn.com.grass.shizuku.UshioTests;
				PRODUCT_NAME = "$(TARGET_NAME)";
				SWIFT_EMIT_LOC_STRINGS = NO;
				SWIFT_VERSION = 5.0;
				TARGETED_DEVICE_FAMILY = "1,2";
				TEST_HOST = "$(BUILT_PRODUCTS_DIR)/Ushio.app/Ushio";
			};
			name = Release;
		};
		CA2487DA27341A500026BF01 /* Debug */ = {
			isa = XCBuildConfiguration;
			buildSettings = {
				ALWAYS_EMBED_SWIFT_STANDARD_LIBRARIES = YES;
				CODE_SIGN_STYLE = Automatic;
				CURRENT_PROJECT_VERSION = 1;
				DEVELOPMENT_TEAM = YK6G2Z3K97;
				GENERATE_INFOPLIST_FILE = YES;
				LD_RUNPATH_SEARCH_PATHS = (
					"$(inherited)",
					"@executable_path/Frameworks",
					"@loader_path/Frameworks",
				);
				MARKETING_VERSION = 1.0;
				PRODUCT_BUNDLE_IDENTIFIER = cn.com.grass.shizuku.UshioUITests;
				PRODUCT_NAME = "$(TARGET_NAME)";
				SWIFT_EMIT_LOC_STRINGS = NO;
				SWIFT_VERSION = 5.0;
				TARGETED_DEVICE_FAMILY = "1,2";
				TEST_TARGET_NAME = Ushio;
			};
			name = Debug;
		};
		CA2487DB27341A500026BF01 /* Release */ = {
			isa = XCBuildConfiguration;
			buildSettings = {
				ALWAYS_EMBED_SWIFT_STANDARD_LIBRARIES = YES;
				CODE_SIGN_STYLE = Automatic;
				CURRENT_PROJECT_VERSION = 1;
				DEVELOPMENT_TEAM = YK6G2Z3K97;
				GENERATE_INFOPLIST_FILE = YES;
				LD_RUNPATH_SEARCH_PATHS = (
					"$(inherited)",
					"@executable_path/Frameworks",
					"@loader_path/Frameworks",
				);
				MARKETING_VERSION = 1.0;
				PRODUCT_BUNDLE_IDENTIFIER = cn.com.grass.shizuku.UshioUITests;
				PRODUCT_NAME = "$(TARGET_NAME)";
				SWIFT_EMIT_LOC_STRINGS = NO;
				SWIFT_VERSION = 5.0;
				TARGETED_DEVICE_FAMILY = "1,2";
				TEST_TARGET_NAME = Ushio;
			};
			name = Release;
		};
/* End XCBuildConfiguration section */

/* Begin XCConfigurationList section */
		CA2487A427341A4E0026BF01 /* Build configuration list for PBXProject "Ushio" */ = {
			isa = XCConfigurationList;
			buildConfigurations = (
				CA2487D127341A500026BF01 /* Debug */,
				CA2487D227341A500026BF01 /* Release */,
			);
			defaultConfigurationIsVisible = 0;
			defaultConfigurationName = Release;
		};
		CA2487D327341A500026BF01 /* Build configuration list for PBXNativeTarget "Ushio" */ = {
			isa = XCConfigurationList;
			buildConfigurations = (
				CA2487D427341A500026BF01 /* Debug */,
				CA2487D527341A500026BF01 /* Release */,
			);
			defaultConfigurationIsVisible = 0;
			defaultConfigurationName = Release;
		};
		CA2487D627341A500026BF01 /* Build configuration list for PBXNativeTarget "UshioTests" */ = {
			isa = XCConfigurationList;
			buildConfigurations = (
				CA2487D727341A500026BF01 /* Debug */,
				CA2487D827341A500026BF01 /* Release */,
			);
			defaultConfigurationIsVisible = 0;
			defaultConfigurationName = Release;
		};
		CA2487D927341A500026BF01 /* Build configuration list for PBXNativeTarget "UshioUITests" */ = {
			isa = XCConfigurationList;
			buildConfigurations = (
				CA2487DA27341A500026BF01 /* Debug */,
				CA2487DB27341A500026BF01 /* Release */,
			);
			defaultConfigurationIsVisible = 0;
			defaultConfigurationName = Release;
		};
/* End XCConfigurationList section */
	};
	rootObject = CA2487A127341A4E0026BF01 /* Project object */;
}
